
Microsoft Visual Studio Solution File, Format Version 12.00
# Visual Studio Version 16
VisualStudioVersion = 16.0.31410.357
MinimumVisualStudioVersion = 10.0.40219.1
Project("{FAE04EC0-301F-11D3-BF4B-00C04F79EFBC}") = "Ovenbird01", "Ovenbird01\Ovenbird01.csproj", "{9EF9ED0B-1B0B-4F6D-9984-7A604EB91312}"
EndProject
Global
	GlobalSection(SolutionConfigurationPlatforms) = preSolution
		Debug|Any CPU = Debug|Any CPU
		Release|Any CPU = Release|Any CPU
	EndGlobalSection
	GlobalSection(ProjectConfigurationPlatforms) = postSolution
		{9EF9ED0B-1B0B-4F6D-9984-7A604EB91312}.Debug|Any CPU.ActiveCfg = Debug|Any CPU
		{9EF9ED0B-1B0B-4F6D-9984-7A604EB91312}.Debug|Any CPU.Build.0 = Debug|Any CPU
		{9EF9ED0B-1B0B-4F6D-9984-7A604EB91312}.Release|Any CPU.ActiveCfg = Release|Any CPU
		{9EF9ED0B-1B0B-4F6D-9984-7A604EB91312}.Release|Any CPU.Build.0 = Release|Any CPU
	EndGlobalSection
	GlobalSection(SolutionProperties) = preSolution
		HideSolutionNode = FALSE
	EndGlobalSection
	GlobalSection(ExtensibilityGlobals) = postSolution
		SolutionGuid = {693542D3-EBB7-46F5-8054-81150AC675BA}
	EndGlobalSection
EndGlobal
